// !$*UTF8*$!
{
	archiveVersion = 1;
	classes = {
	};
	objectVersion = 46;
	objects = {

/* Begin PBXBuildFile section */
		8911633C1B49274400FDEBE9 /* libglfw.a in Frameworks */ = {isa = PBXBuildFile; fileRef = 8911633B1B49274400FDEBE9 /* libglfw.a */; };
		8911633F1B4927ED00FDEBE9 /* main.cpp in Sources */ = {isa = PBXBuildFile; fileRef = 8911633D1B4927ED00FDEBE9 /* main.cpp */; };
		891163461B49298000FDEBE9 /* libglfw.a in Frameworks */ = {isa = PBXBuildFile; fileRef = 891163451B49298000FDEBE9 /* libglfw.a */; };
		8911634F1B492F2C00FDEBE9 /* Cocoa.framework in Frameworks */ = {isa = PBXBuildFile; fileRef = 8911634E1B492F2C00FDEBE9 /* Cocoa.framework */; };
		891163511B56B59E00FDEBE9 /* sample.raw in Resources */ = {isa = PBXBuildFile; fileRef = 891163501B56B59E00FDEBE9 /* sample.raw */; };
		89EDF27C1B49228100DA7B5D /* OpenGLOSXTests.m in Sources */ = {isa = PBXBuildFile; fileRef = 89EDF27B1B49228100DA7B5D /* OpenGLOSXTests.m */; };
		89EDF2861B49230600DA7B5D /* OpenGL.framework in Frameworks */ = {isa = PBXBuildFile; fileRef = 89EDF2851B49230600DA7B5D /* OpenGL.framework */; };
		89EDF2881B49231100DA7B5D /* IOKit.framework in Frameworks */ = {isa = PBXBuildFile; fileRef = 89EDF2871B49231100DA7B5D /* IOKit.framework */; };
/* End PBXBuildFile section */

/* Begin PBXContainerItemProxy section */
		89EDF2761B49228100DA7B5D /* PBXContainerItemProxy */ = {
			isa = PBXContainerItemProxy;
			containerPortal = 89EDF25A1B49228100DA7B5D /* Project object */;
			proxyType = 1;
			remoteGlobalIDString = 89EDF2611B49228100DA7B5D;
			remoteInfo = OpenGLOSX;
		};
/* End PBXContainerItemProxy section */

/* Begin PBXFileReference section */
		8911633B1B49274400FDEBE9 /* libglfw.a */ = {isa = PBXFileReference; lastKnownFileType = archive.ar; name = libglfw.a; path = OpenGLOSX/lib_osx/libglfw.a; sourceTree = "<group>"; };
		8911633D1B4927ED00FDEBE9 /* main.cpp */ = {isa = PBXFileReference; fileEncoding = 4; lastKnownFileType = sourcecode.cpp.cpp; name = main.cpp; path = OpenGLOSX/main.cpp; sourceTree = "<group>"; };
		891163421B49297100FDEBE9 /* glew.h */ = {isa = PBXFileReference; fileEncoding = 4; lastKnownFileType = sourcecode.c.h; path = glew.h; sourceTree = "<group>"; };
		891163431B49297100FDEBE9 /* glfw.h */ = {isa = PBXFileReference; fileEncoding = 4; lastKnownFileType = sourcecode.c.h; path = glfw.h; sourceTree = "<group>"; };
		891163451B49298000FDEBE9 /* libglfw.a */ = {isa = PBXFileReference; lastKnownFileType = archive.ar; path = libglfw.a; sourceTree = "<group>"; };
		8911634E1B492F2C00FDEBE9 /* Cocoa.framework */ = {isa = PBXFileReference; lastKnownFileType = wrapper.framework; name = Cocoa.framework; path = System/Library/Frameworks/Cocoa.framework; sourceTree = SDKROOT; };
		891163501B56B59E00FDEBE9 /* sample.raw */ = {isa = PBXFileReference; lastKnownFileType = file; path = sample.raw; sourceTree = "<group>"; };
		89EDF2621B49228100DA7B5D /* OpenGLOSX.app */ = {isa = PBXFileReference; explicitFileType = wrapper.application; includeInIndex = 0; path = OpenGLOSX.app; sourceTree = BUILT_PRODUCTS_DIR; };
		89EDF2661B49228100DA7B5D /* Info.plist */ = {isa = PBXFileReference; lastKnownFileType = text.plist.xml; path = Info.plist; sourceTree = "<group>"; };
		89EDF2751B49228100DA7B5D /* OpenGLOSXTests.xctest */ = {isa = PBXFileReference; explicitFileType = wrapper.cfbundle; includeInIndex = 0; path = OpenGLOSXTests.xctest; sourceTree = BUILT_PRODUCTS_DIR; };
		89EDF27A1B49228100DA7B5D /* Info.plist */ = {isa = PBXFileReference; lastKnownFileType = text.plist.xml; path = Info.plist; sourceTree = "<group>"; };
		89EDF27B1B49228100DA7B5D /* OpenGLOSXTests.m */ = {isa = PBXFileReference; lastKnownFileType = sourcecode.c.objc; path = OpenGLOSXTests.m; sourceTree = "<group>"; };
		89EDF2851B49230600DA7B5D /* OpenGL.framework */ = {isa = PBXFileReference; lastKnownFileType = wrapper.framework; name = OpenGL.framework; path = System/Library/Frameworks/OpenGL.framework; sourceTree = SDKROOT; };
		89EDF2871B49231100DA7B5D /* IOKit.framework */ = {isa = PBXFileReference; lastKnownFileType = wrapper.framework; name = IOKit.framework; path = System/Library/Frameworks/IOKit.framework; sourceTree = SDKROOT; };
/* End PBXFileReference section */

/* Begin PBXFrameworksBuildPhase section */
		89EDF25F1B49228100DA7B5D /* Frameworks */ = {
			isa = PBXFrameworksBuildPhase;
			buildActionMask = 2147483647;
			files = (
				8911634F1B492F2C00FDEBE9 /* Cocoa.framework in Frameworks */,
				8911633C1B49274400FDEBE9 /* libglfw.a in Frameworks */,
				89EDF2881B49231100DA7B5D /* IOKit.framework in Frameworks */,
				89EDF2861B49230600DA7B5D /* OpenGL.framework in Frameworks */,
				891163461B49298000FDEBE9 /* libglfw.a in Frameworks */,
			);
			runOnlyForDeploymentPostprocessing = 0;
		};
		89EDF2721B49228100DA7B5D /* Frameworks */ = {
			isa = PBXFrameworksBuildPhase;
			buildActionMask = 2147483647;
			files = (
			);
			runOnlyForDeploymentPostprocessing = 0;
		};
/* End PBXFrameworksBuildPhase section */

/* Begin PBXGroup section */
		891163401B49297100FDEBE9 /* include */ = {
			isa = PBXGroup;
			children = (
				891163411B49297100FDEBE9 /* GL */,
			);
			name = include;
			path = OpenGLOSX/include;
			sourceTree = "<group>";
		};
		891163411B49297100FDEBE9 /* GL */ = {
			isa = PBXGroup;
			children = (
				891163421B49297100FDEBE9 /* glew.h */,
				891163431B49297100FDEBE9 /* glfw.h */,
			);
			path = GL;
			sourceTree = "<group>";
		};
		891163441B49298000FDEBE9 /* lib_osx */ = {
			isa = PBXGroup;
			children = (
				891163451B49298000FDEBE9 /* libglfw.a */,
			);
			name = lib_osx;
			path = OpenGLOSX/lib_osx;
			sourceTree = "<group>";
		};
		89EDF2591B49228100DA7B5D = {
			isa = PBXGroup;
			children = (
				891163501B56B59E00FDEBE9 /* sample.raw */,
				8911634E1B492F2C00FDEBE9 /* Cocoa.framework */,
				891163441B49298000FDEBE9 /* lib_osx */,
				891163401B49297100FDEBE9 /* include */,
				8911633D1B4927ED00FDEBE9 /* main.cpp */,
				8911633B1B49274400FDEBE9 /* libglfw.a */,
				89EDF2871B49231100DA7B5D /* IOKit.framework */,
				89EDF2851B49230600DA7B5D /* OpenGL.framework */,
				89EDF2641B49228100DA7B5D /* OpenGLOSX */,
				89EDF2781B49228100DA7B5D /* OpenGLOSXTests */,
				89EDF2631B49228100DA7B5D /* Products */,
			);
			sourceTree = "<group>";
		};
		89EDF2631B49228100DA7B5D /* Products */ = {
			isa = PBXGroup;
			children = (
				89EDF2621B49228100DA7B5D /* OpenGLOSX.app */,
				89EDF2751B49228100DA7B5D /* OpenGLOSXTests.xctest */,
			);
			name = Products;
			sourceTree = "<group>";
		};
		89EDF2641B49228100DA7B5D /* OpenGLOSX */ = {
			isa = PBXGroup;
			children = (
				89EDF2651B49228100DA7B5D /* Supporting Files */,
			);
			path = OpenGLOSX;
			sourceTree = "<group>";
		};
		89EDF2651B49228100DA7B5D /* Supporting Files */ = {
			isa = PBXGroup;
			children = (
				89EDF2661B49228100DA7B5D /* Info.plist */,
			);
			name = "Supporting Files";
			sourceTree = "<group>";
		};
		89EDF2781B49228100DA7B5D /* OpenGLOSXTests */ = {
			isa = PBXGroup;
			children = (
				89EDF27B1B49228100DA7B5D /* OpenGLOSXTests.m */,
				89EDF2791B49228100DA7B5D /* Supporting Files */,
			);
			path = OpenGLOSXTests;
			sourceTree = "<group>";
		};
		89EDF2791B49228100DA7B5D /* Supporting Files */ = {
			isa = PBXGroup;
			children = (
				89EDF27A1B49228100DA7B5D /* Info.plist */,
			);
			name = "Supporting Files";
			sourceTree = "<group>";
		};
/* End PBXGroup section */

/* Begin PBXNativeTarget section */
		89EDF2611B49228100DA7B5D /* OpenGLOSX */ = {
			isa = PBXNativeTarget;
			buildConfigurationList = 89EDF27F1B49228100DA7B5D /* Build configuration list for PBXNativeTarget "OpenGLOSX" */;
			buildPhases = (
				89EDF25E1B49228100DA7B5D /* Sources */,
				89EDF25F1B49228100DA7B5D /* Frameworks */,
				89EDF2601B49228100DA7B5D /* Resources */,
			);
			buildRules = (
			);
			dependencies = (
			);
			name = OpenGLOSX;
			productName = OpenGLOSX;
			productReference = 89EDF2621B49228100DA7B5D /* OpenGLOSX.app */;
			productType = "com.apple.product-type.application";
		};
		89EDF2741B49228100DA7B5D /* OpenGLOSXTests */ = {
			isa = PBXNativeTarget;
			buildConfigurationList = 89EDF2821B49228100DA7B5D /* Build configuration list for PBXNativeTarget "OpenGLOSXTests" */;
			buildPhases = (
				89EDF2711B49228100DA7B5D /* Sources */,
				89EDF2721B49228100DA7B5D /* Frameworks */,
				89EDF2731B49228100DA7B5D /* Resources */,
			);
			buildRules = (
			);
			dependencies = (
				89EDF2771B49228100DA7B5D /* PBXTargetDependency */,
			);
			name = OpenGLOSXTests;
			productName = OpenGLOSXTests;
			productReference = 89EDF2751B49228100DA7B5D /* OpenGLOSXTests.xctest */;
			productType = "com.apple.product-type.bundle.unit-test";
		};
/* End PBXNativeTarget section */

/* Begin PBXProject section */
		89EDF25A1B49228100DA7B5D /* Project object */ = {
			isa = PBXProject;
			attributes = {
				LastUpgradeCheck = 0620;
				ORGANIZATIONNAME = "吉村 智志";
				TargetAttributes = {
					89EDF2611B49228100DA7B5D = {
						CreatedOnToolsVersion = 6.2;
					};
					89EDF2741B49228100DA7B5D = {
						CreatedOnToolsVersion = 6.2;
						TestTargetID = 89EDF2611B49228100DA7B5D;
					};
				};
			};
			buildConfigurationList = 89EDF25D1B49228100DA7B5D /* Build configuration list for PBXProject "OpenGLOSX" */;
			compatibilityVersion = "Xcode 3.2";
			developmentRegion = English;
			hasScannedForEncodings = 0;
			knownRegions = (
				Base,
			);
			mainGroup = 89EDF2591B49228100DA7B5D;
			productRefGroup = 89EDF2631B49228100DA7B5D /* Products */;
			projectDirPath = "";
			projectRoot = "";
			targets = (
				89EDF2611B49228100DA7B5D /* OpenGLOSX */,
				89EDF2741B49228100DA7B5D /* OpenGLOSXTests */,
			);
		};
/* End PBXProject section */

/* Begin PBXResourcesBuildPhase section */
		89EDF2601B49228100DA7B5D /* Resources */ = {
			isa = PBXResourcesBuildPhase;
			buildActionMask = 2147483647;
			files = (
				891163511B56B59E00FDEBE9 /* sample.raw in Resources */,
			);
			runOnlyForDeploymentPostprocessing = 0;
		};
		89EDF2731B49228100DA7B5D /* Resources */ = {
			isa = PBXResourcesBuildPhase;
			buildActionMask = 2147483647;
			files = (
			);
			runOnlyForDeploymentPostprocessing = 0;
		};
/* End PBXResourcesBuildPhase section */

/* Begin PBXSourcesBuildPhase section */
		89EDF25E1B49228100DA7B5D /* Sources */ = {
			isa = PBXSourcesBuildPhase;
			buildActionMask = 2147483647;
			files = (
				8911633F1B4927ED00FDEBE9 /* main.cpp in Sources */,
			);
			runOnlyForDeploymentPostprocessing = 0;
		};
		89EDF2711B49228100DA7B5D /* Sources */ = {
			isa = PBXSourcesBuildPhase;
			buildActionMask = 2147483647;
			files = (
				89EDF27C1B49228100DA7B5D /* OpenGLOSXTests.m in Sources */,
			);
			runOnlyForDeploymentPostprocessing = 0;
		};
/* End PBXSourcesBuildPhase section */

/* Begin PBXTargetDependency section */
		89EDF2771B49228100DA7B5D /* PBXTargetDependency */ = {
			isa = PBXTargetDependency;
			target = 89EDF2611B49228100DA7B5D /* OpenGLOSX */;
			targetProxy = 89EDF2761B49228100DA7B5D /* PBXContainerItemProxy */;
		};
/* End PBXTargetDependency section */

/* Begin XCBuildConfiguration section */
		89EDF27D1B49228100DA7B5D /* Debug */ = {
			isa = XCBuildConfiguration;
			buildSettings = {
				ALWAYS_SEARCH_USER_PATHS = NO;
				CLANG_CXX_LANGUAGE_STANDARD = "gnu++0x";
				CLANG_CXX_LIBRARY = "libc++";
				CLANG_ENABLE_MODULES = YES;
				CLANG_ENABLE_OBJC_ARC = YES;
				CLANG_WARN_BOOL_CONVERSION = YES;
				CLANG_WARN_CONSTANT_CONVERSION = YES;
				CLANG_WARN_DIRECT_OBJC_ISA_USAGE = YES_ERROR;
				CLANG_WARN_EMPTY_BODY = YES;
				CLANG_WARN_ENUM_CONVERSION = YES;
				CLANG_WARN_INT_CONVERSION = YES;
				CLANG_WARN_OBJC_ROOT_CLASS = YES_ERROR;
				CLANG_WARN_UNREACHABLE_CODE = YES;
				CLANG_WARN__DUPLICATE_METHOD_MATCH = YES;
				CODE_SIGN_IDENTITY = "-";
				COPY_PHASE_STRIP = NO;
				ENABLE_STRICT_OBJC_MSGSEND = YES;
				GCC_C_LANGUAGE_STANDARD = gnu99;
				GCC_DYNAMIC_NO_PIC = NO;
				GCC_OPTIMIZATION_LEVEL = 0;
				GCC_PREPROCESSOR_DEFINITIONS = (
					"DEBUG=1",
					"$(inherited)",
				);
				GCC_SYMBOLS_PRIVATE_EXTERN = NO;
				GCC_WARN_64_TO_32_BIT_CONVERSION = YES;
				GCC_WARN_ABOUT_RETURN_TYPE = YES_ERROR;
				GCC_WARN_UNDECLARED_SELECTOR = YES;
				GCC_WARN_UNINITIALIZED_AUTOS = YES_AGGRESSIVE;
				GCC_WARN_UNUSED_FUNCTION = YES;
				GCC_WARN_UNUSED_VARIABLE = YES;
				MACOSX_DEPLOYMENT_TARGET = 10.9;
				MTL_ENABLE_DEBUG_INFO = YES;
				ONLY_ACTIVE_ARCH = YES;
				SDKROOT = macosx;
			};
			name = Debug;
		};
		89EDF27E1B49228100DA7B5D /* Release */ = {
			isa = XCBuildConfiguration;
			buildSettings = {
				ALWAYS_SEARCH_USER_PATHS = NO;
				CLANG_CXX_LANGUAGE_STANDARD = "gnu++0x";
				CLANG_CXX_LIBRARY = "libc++";
				CLANG_ENABLE_MODULES = YES;
				CLANG_ENABLE_OBJC_ARC = YES;
				CLANG_WARN_BOOL_CONVERSION = YES;
				CLANG_WARN_CONSTANT_CONVERSION = YES;
				CLANG_WARN_DIRECT_OBJC_ISA_USAGE = YES_ERROR;
				CLANG_WARN_EMPTY_BODY = YES;
				CLANG_WARN_ENUM_CONVERSION = YES;
				CLANG_WARN_INT_CONVERSION = YES;
				CLANG_WARN_OBJC_ROOT_CLASS = YES_ERROR;
				CLANG_WARN_UNREACHABLE_CODE = YES;
				CLANG_WARN__DUPLICATE_METHOD_MATCH = YES;
				CODE_SIGN_IDENTITY = "-";
				COPY_PHASE_STRIP = NO;
				DEBUG_INFORMATION_FORMAT = "dwarf-with-dsym";
				ENABLE_NS_ASSERTIONS = NO;
				ENABLE_STRICT_OBJC_MSGSEND = YES;
				GCC_C_LANGUAGE_STANDARD = gnu99;
				GCC_WARN_64_TO_32_BIT_CONVERSION = YES;
				GCC_WARN_ABOUT_RETURN_TYPE = YES_ERROR;
				GCC_WARN_UNDECLARED_SELECTOR = YES;
				GCC_WARN_UNINITIALIZED_AUTOS = YES_AGGRESSIVE;
				GCC_WARN_UNUSED_FUNCTION = YES;
				GCC_WARN_UNUSED_VARIABLE = YES;
				MACOSX_DEPLOYMENT_TARGET = 10.9;
				MTL_ENABLE_DEBUG_INFO = NO;
				SDKROOT = macosx;
			};
			name = Release;
		};
		89EDF2801B49228100DA7B5D /* Debug */ = {
			isa = XCBuildConfiguration;
			buildSettings = {
				ASSETCATALOG_COMPILER_APPICON_NAME = AppIcon;
				COMBINE_HIDPI_IMAGES = YES;
				HEADER_SEARCH_PATHS = (
					"$(inherited)",
					include,
				);
				INFOPLIST_FILE = OpenGLOSX/Info.plist;
				LD_RUNPATH_SEARCH_PATHS = "$(inherited) @executable_path/../Frameworks";
				LIBRARY_SEARCH_PATHS = (
					"$(inherited)",
					"$(PROJECT_DIR)/OpenGLOSX/include",
					"$(PROJECT_DIR)/OpenGLOSX/lib_osx",
				);
				PRODUCT_NAME = "$(TARGET_NAME)";
			};
			name = Debug;
		};
		89EDF2811B49228100DA7B5D /* Release */ = {
			isa = XCBuildConfiguration;
			buildSettings = {
				ASSETCATALOG_COMPILER_APPICON_NAME = AppIcon;
				COMBINE_HIDPI_IMAGES = YES;
				HEADER_SEARCH_PATHS = (
					"$(inherited)",
					include,
				);
				INFOPLIST_FILE = OpenGLOSX/Info.plist;
				LD_RUNPATH_SEARCH_PATHS = "$(inherited) @executable_path/../Frameworks";
				LIBRARY_SEARCH_PATHS = (
					"$(inherited)",
					"$(PROJECT_DIR)/OpenGLOSX/include",
					"$(PROJECT_DIR)/OpenGLOSX/lib_osx",
				);
				PRODUCT_NAME = "$(TARGET_NAME)";
			};
			name = Release;
		};
		89EDF2831B49228100DA7B5D /* Debug */ = {
			isa = XCBuildConfiguration;
			buildSettings = {
				BUNDLE_LOADER = "$(TEST_HOST)";
				COMBINE_HIDPI_IMAGES = YES;
				FRAMEWORK_SEARCH_PATHS = (
					"$(DEVELOPER_FRAMEWORKS_DIR)",
					"$(inherited)",
				);
				GCC_PREPROCESSOR_DEFINITIONS = (
					"DEBUG=1",
					"$(inherited)",
				);
				INFOPLIST_FILE = OpenGLOSXTests/Info.plist;
				LD_RUNPATH_SEARCH_PATHS = "$(inherited) @executable_path/../Frameworks @loader_path/../Frameworks";
				PRODUCT_NAME = "$(TARGET_NAME)";
				TEST_HOST = "$(BUILT_PRODUCTS_DIR)/OpenGLOSX.app/Contents/MacOS/OpenGLOSX";
			};
			name = Debug;
		};
		89EDF2841B49228100DA7B5D /* Release */ = {
			isa = XCBuildConfiguration;
			buildSettings = {
				BUNDLE_LOADER = "$(TEST_HOST)";
				COMBINE_HIDPI_IMAGES = YES;
				FRAMEWORK_SEARCH_PATHS = (
					"$(DEVELOPER_FRAMEWORKS_DIR)",
					"$(inherited)",
				);
				INFOPLIST_FILE = OpenGLOSXTests/Info.plist;
				LD_RUNPATH_SEARCH_PATHS = "$(inherited) @executable_path/../Frameworks @loader_path/../Frameworks";
				PRODUCT_NAME = "$(TARGET_NAME)";
				TEST_HOST = "$(BUILT_PRODUCTS_DIR)/OpenGLOSX.app/Contents/MacOS/OpenGLOSX";
			};
			name = Release;
		};
/* End XCBuildConfiguration section */

/* Begin XCConfigurationList section */
		89EDF25D1B49228100DA7B5D /* Build configuration list for PBXProject "OpenGLOSX" */ = {
			isa = XCConfigurationList;
			buildConfigurations = (
				89EDF27D1B49228100DA7B5D /* Debug */,
				89EDF27E1B49228100DA7B5D /* Release */,
			);
			defaultConfigurationIsVisible = 0;
			defaultConfigurationName = Release;
		};
		89EDF27F1B49228100DA7B5D /* Build configuration list for PBXNativeTarget "OpenGLOSX" */ = {
			isa = XCConfigurationList;
			buildConfigurations = (
				89EDF2801B49228100DA7B5D /* Debug */,
				89EDF2811B49228100DA7B5D /* Release */,
			);
			defaultConfigurationIsVisible = 0;
			defaultConfigurationName = Release;
		};
		89EDF2821B49228100DA7B5D /* Build configuration list for PBXNativeTarget "OpenGLOSXTests" */ = {
			isa = XCConfigurationList;
			buildConfigurations = (
				89EDF2831B49228100DA7B5D /* Debug */,
				89EDF2841B49228100DA7B5D /* Release */,
			);
			defaultConfigurationIsVisible = 0;
			defaultConfigurationName = Release;
		};
/* End XCConfigurationList section */
	};
	rootObject = 89EDF25A1B49228100DA7B5D /* Project object */;
}
